
Microsoft Visual Studio Solution File, Format Version 12.00
# Visual Studio Version 17
VisualStudioVersion = 17.12.35527.113 d17.12
MinimumVisualStudioVersion = 10.0.40219.1
Project("{FAE04EC0-301F-11D3-BF4B-00C04F79EFBC}") = "WebApi", "WebApi\WebApi.csproj", "{38672016-CD7C-4814-AF0D-8360FA5808ED}"
EndProject
Project("{FAE04EC0-301F-11D3-BF4B-00C04F79EFBC}") = "Infrastructure", "Infrastructure\Infrastructure.csproj", "{0FD7DE36-9174-4692-A8A2-879D9A0DAA14}"
EndProject
Project("{FAE04EC0-301F-11D3-BF4B-00C04F79EFBC}") = "Core", "Core\Core.csproj", "{7CF69A11-61FA-415C-AB25-B6840D668B82}"
EndProject
Global
	GlobalSection(SolutionConfigurationPlatforms) = preSolution
		Debug|Any CPU = Debug|Any CPU
		Release|Any CPU = Release|Any CPU
	EndGlobalSection
	GlobalSection(ProjectConfigurationPlatforms) = postSolution
		{38672016-CD7C-4814-AF0D-8360FA5808ED}.Debug|Any CPU.ActiveCfg = Debug|Any CPU
		{38672016-CD7C-4814-AF0D-8360FA5808ED}.Debug|Any CPU.Build.0 = Debug|Any CPU
		{38672016-CD7C-4814-AF0D-8360FA5808ED}.Release|Any CPU.ActiveCfg = Release|Any CPU
		{38672016-CD7C-4814-AF0D-8360FA5808ED}.Release|Any CPU.Build.0 = Release|Any CPU
		{0FD7DE36-9174-4692-A8A2-879D9A0DAA14}.Debug|Any CPU.ActiveCfg = Debug|Any CPU
		{0FD7DE36-9174-4692-A8A2-879D9A0DAA14}.Debug|Any CPU.Build.0 = Debug|Any CPU
		{0FD7DE36-9174-4692-A8A2-879D9A0DAA14}.Release|Any CPU.ActiveCfg = Release|Any CPU
		{0FD7DE36-9174-4692-A8A2-879D9A0DAA14}.Release|Any CPU.Build.0 = Release|Any CPU
		{7CF69A11-61FA-415C-AB25-B6840D668B82}.Debug|Any CPU.ActiveCfg = Debug|Any CPU
		{7CF69A11-61FA-415C-AB25-B6840D668B82}.Debug|Any CPU.Build.0 = Debug|Any CPU
		{7CF69A11-61FA-415C-AB25-B6840D668B82}.Release|Any CPU.ActiveCfg = Release|Any CPU
		{7CF69A11-61FA-415C-AB25-B6840D668B82}.Release|Any CPU.Build.0 = Release|Any CPU
	EndGlobalSection
	GlobalSection(SolutionProperties) = preSolution
		HideSolutionNode = FALSE
	EndGlobalSection
EndGlobal
